
Microsoft Visual Studio Solution File, Format Version 12.00
# Visual Studio Version 16
VisualStudioVersion = 16.0.29728.190
MinimumVisualStudioVersion = 10.0.40219.1
Project("{FAE04EC0-301F-11D3-BF4B-00C04F79EFBC}") = "SW.Item.Api", "SW.Item.Api.csproj", "{90E2DE19-85C0-4668-9CDA-A2A35EF61A7B}"
EndProject
Project("{FAE04EC0-301F-11D3-BF4B-00C04F79EFBC}") = "SW.Item.Core", "..\SW.Item.Core\SW.Item.Core.csproj", "{B38BDF49-5183-4BF4-A54F-1DFDA2CE1C47}"
EndProject
Project("{FAE04EC0-301F-11D3-BF4B-00C04F79EFBC}") = "SW.Item.Data", "..\SW.Item.Data\SW.Item.Data.csproj", "{08A29533-C12D-45D6-97CC-8999D59BC4DF}"
EndProject
Global
	GlobalSection(SolutionConfigurationPlatforms) = preSolution
		Debug|Any CPU = Debug|Any CPU
		Release|Any CPU = Release|Any CPU
	EndGlobalSection
	GlobalSection(ProjectConfigurationPlatforms) = postSolution
		{90E2DE19-85C0-4668-9CDA-A2A35EF61A7B}.Debug|Any CPU.ActiveCfg = Debug|Any CPU
		{90E2DE19-85C0-4668-9CDA-A2A35EF61A7B}.Debug|Any CPU.Build.0 = Debug|Any CPU
		{90E2DE19-85C0-4668-9CDA-A2A35EF61A7B}.Release|Any CPU.ActiveCfg = Release|Any CPU
		{90E2DE19-85C0-4668-9CDA-A2A35EF61A7B}.Release|Any CPU.Build.0 = Release|Any CPU
		{B38BDF49-5183-4BF4-A54F-1DFDA2CE1C47}.Debug|Any CPU.ActiveCfg = Debug|Any CPU
		{B38BDF49-5183-4BF4-A54F-1DFDA2CE1C47}.Debug|Any CPU.Build.0 = Debug|Any CPU
		{B38BDF49-5183-4BF4-A54F-1DFDA2CE1C47}.Release|Any CPU.ActiveCfg = Release|Any CPU
		{B38BDF49-5183-4BF4-A54F-1DFDA2CE1C47}.Release|Any CPU.Build.0 = Release|Any CPU
		{08A29533-C12D-45D6-97CC-8999D59BC4DF}.Debug|Any CPU.ActiveCfg = Debug|Any CPU
		{08A29533-C12D-45D6-97CC-8999D59BC4DF}.Debug|Any CPU.Build.0 = Debug|Any CPU
		{08A29533-C12D-45D6-97CC-8999D59BC4DF}.Release|Any CPU.ActiveCfg = Release|Any CPU
		{08A29533-C12D-45D6-97CC-8999D59BC4DF}.Release|Any CPU.Build.0 = Release|Any CPU
	EndGlobalSection
	GlobalSection(SolutionProperties) = preSolution
		HideSolutionNode = FALSE
	EndGlobalSection
	GlobalSection(ExtensibilityGlobals) = postSolution
		SolutionGuid = {684AD5E4-6189-4054-9E67-6680AF5F561E}
	EndGlobalSection
EndGlobal
